
Microsoft Visual Studio Solution File, Format Version 12.00
# Visual Studio 15
VisualStudioVersion = 15.0.28010.2003
MinimumVisualStudioVersion = 10.0.40219.1
Project("{FAE04EC0-301F-11D3-BF4B-00C04F79EFBC}") = "letter grades", "letter grades\letter grades.csproj", "{D97B6B02-2034-47E2-A382-9ABE5C19841B}"
EndProject
Global
	GlobalSection(SolutionConfigurationPlatforms) = preSolution
		Debug|Any CPU = Debug|Any CPU
		Release|Any CPU = Release|Any CPU
	EndGlobalSection
	GlobalSection(ProjectConfigurationPlatforms) = postSolution
		{D97B6B02-2034-47E2-A382-9ABE5C19841B}.Debug|Any CPU.ActiveCfg = Debug|Any CPU
		{D97B6B02-2034-47E2-A382-9ABE5C19841B}.Debug|Any CPU.Build.0 = Debug|Any CPU
		{D97B6B02-2034-47E2-A382-9ABE5C19841B}.Release|Any CPU.ActiveCfg = Release|Any CPU
		{D97B6B02-2034-47E2-A382-9ABE5C19841B}.Release|Any CPU.Build.0 = Release|Any CPU
	EndGlobalSection
	GlobalSection(SolutionProperties) = preSolution
		HideSolutionNode = FALSE
	EndGlobalSection
	GlobalSection(ExtensibilityGlobals) = postSolution
		SolutionGuid = {E49E3D5B-0EF5-4967-A4C4-9C21C545D89A}
	EndGlobalSection
EndGlobal
